
Microsoft Visual Studio Solution File, Format Version 12.00
# Visual Studio 15
VisualStudioVersion = 15.0.28307.572
MinimumVisualStudioVersion = 10.0.40219.1
Project("{FAE04EC0-301F-11D3-BF4B-00C04F79EFBC}") = "SmartReserver.Android", "SmartReserver\SmartReserver.Android\SmartReserver.Android.csproj", "{8812BBCA-0271-484D-ABAF-4B1D79992C45}"
EndProject
Project("{FAE04EC0-301F-11D3-BF4B-00C04F79EFBC}") = "SmartReserver", "SmartReserver\SmartReserver\SmartReserver.csproj", "{62593019-F57B-4F34-9657-0B385A4AB551}"
EndProject
Global
	GlobalSection(SolutionConfigurationPlatforms) = preSolution
		Debug|Any CPU = Debug|Any CPU
		Release|Any CPU = Release|Any CPU
	EndGlobalSection
	GlobalSection(ProjectConfigurationPlatforms) = postSolution
		{8812BBCA-0271-484D-ABAF-4B1D79992C45}.Debug|Any CPU.ActiveCfg = Debug|Any CPU
		{8812BBCA-0271-484D-ABAF-4B1D79992C45}.Debug|Any CPU.Build.0 = Debug|Any CPU
		{8812BBCA-0271-484D-ABAF-4B1D79992C45}.Debug|Any CPU.Deploy.0 = Debug|Any CPU
		{8812BBCA-0271-484D-ABAF-4B1D79992C45}.Release|Any CPU.ActiveCfg = Release|Any CPU
		{8812BBCA-0271-484D-ABAF-4B1D79992C45}.Release|Any CPU.Build.0 = Release|Any CPU
		{8812BBCA-0271-484D-ABAF-4B1D79992C45}.Release|Any CPU.Deploy.0 = Release|Any CPU
		{62593019-F57B-4F34-9657-0B385A4AB551}.Debug|Any CPU.ActiveCfg = Debug|Any CPU
		{62593019-F57B-4F34-9657-0B385A4AB551}.Debug|Any CPU.Build.0 = Debug|Any CPU
		{62593019-F57B-4F34-9657-0B385A4AB551}.Debug|Any CPU.Deploy.0 = Debug|Any CPU
		{62593019-F57B-4F34-9657-0B385A4AB551}.Release|Any CPU.ActiveCfg = Release|Any CPU
		{62593019-F57B-4F34-9657-0B385A4AB551}.Release|Any CPU.Build.0 = Release|Any CPU
		{62593019-F57B-4F34-9657-0B385A4AB551}.Release|Any CPU.Deploy.0 = Release|Any CPU
	EndGlobalSection
	GlobalSection(SolutionProperties) = preSolution
		HideSolutionNode = FALSE
	EndGlobalSection
	GlobalSection(ExtensibilityGlobals) = postSolution
		SolutionGuid = {359647EE-8699-474B-A4AE-B60C7C46B097}
	EndGlobalSection
EndGlobal
